
Microsoft Visual Studio Solution File, Format Version 12.00
# Visual Studio Version 17
VisualStudioVersion = 17.5.33530.505
MinimumVisualStudioVersion = 10.0.40219.1
Project("{888888A0-9F3D-457C-B088-3A5042F75D52}") = "toDOlist", "toDOlist\toDOlist.pyproj", "{F012BB2F-2648-4C18-8667-B6CBBE594406}"
EndProject
Global
	GlobalSection(SolutionConfigurationPlatforms) = preSolution
		Debug|Any CPU = Debug|Any CPU
		Release|Any CPU = Release|Any CPU
	EndGlobalSection
	GlobalSection(ProjectConfigurationPlatforms) = postSolution
		{F012BB2F-2648-4C18-8667-B6CBBE594406}.Debug|Any CPU.ActiveCfg = Debug|Any CPU
		{F012BB2F-2648-4C18-8667-B6CBBE594406}.Release|Any CPU.ActiveCfg = Release|Any CPU
	EndGlobalSection
	GlobalSection(SolutionProperties) = preSolution
		HideSolutionNode = FALSE
	EndGlobalSection
	GlobalSection(ExtensibilityGlobals) = postSolution
		SolutionGuid = {3A30C20A-A04C-4A73-9D72-46F9E1A2EAD0}
	EndGlobalSection
EndGlobal
